// !$*UTF8*$!
{
	archiveVersion = 1;
	classes = {
	};
	objectVersion = 51;
	objects = {

/* Begin PBXBuildFile section */
		283DD63623C8E2E5005A8DA2 /* main.strings in Resources */ = {isa = PBXBuildFile; fileRef = 283DD5E823C8E2E5005A8DA2 /* main.strings */; };
		283DD63723C8E2E5005A8DA2 /* Assets.xcassets in Resources */ = {isa = PBXBuildFile; fileRef = 283DD5E923C8E2E5005A8DA2 /* Assets.xcassets */; };
		283DD63923C8E2E5005A8DA2 /* ViewController.swift in Sources */ = {isa = PBXBuildFile; fileRef = 283DD5ED23C8E2E5005A8DA2 /* ViewController.swift */; };
		283DD63A23C8E2E5005A8DA2 /* LsCheckButton.swift in Sources */ = {isa = PBXBuildFile; fileRef = 283DD5F023C8E2E5005A8DA2 /* LsCheckButton.swift */; };
		283DD63B23C8E2E5005A8DA2 /* LsRadioButton.swift in Sources */ = {isa = PBXBuildFile; fileRef = 283DD5F123C8E2E5005A8DA2 /* LsRadioButton.swift */; };
		283DD63C23C8E2E5005A8DA2 /* LsButton.swift in Sources */ = {isa = PBXBuildFile; fileRef = 283DD5F223C8E2E5005A8DA2 /* LsButton.swift */; };
		283DD63D23C8E2E5005A8DA2 /* UIButton+Extensions.swift in Sources */ = {isa = PBXBuildFile; fileRef = 283DD5F423C8E2E5005A8DA2 /* UIButton+Extensions.swift */; };
		283DD63E23C8E2E5005A8DA2 /* UIView+Extensions.swift in Sources */ = {isa = PBXBuildFile; fileRef = 283DD5F523C8E2E5005A8DA2 /* UIView+Extensions.swift */; };
		283DD63F23C8E2E5005A8DA2 /* UINavigationController+Extensions.swift in Sources */ = {isa = PBXBuildFile; fileRef = 283DD5F623C8E2E5005A8DA2 /* UINavigationController+Extensions.swift */; };
		283DD64023C8E2E5005A8DA2 /* UITableView+Extensions.swift in Sources */ = {isa = PBXBuildFile; fileRef = 283DD5F723C8E2E5005A8DA2 /* UITableView+Extensions.swift */; };
		283DD64423C8E2E5005A8DA2 /* LaunchScreen.storyboard in Resources */ = {isa = PBXBuildFile; fileRef = 283DD5FD23C8E2E5005A8DA2 /* LaunchScreen.storyboard */; };
		283DD64523C8E2E5005A8DA2 /* Main.storyboard in Resources */ = {isa = PBXBuildFile; fileRef = 283DD5FE23C8E2E5005A8DA2 /* Main.storyboard */; };
		283DD64623C8E2E5005A8DA2 /* PlaceholderView.xib in Resources */ = {isa = PBXBuildFile; fileRef = 283DD60023C8E2E5005A8DA2 /* PlaceholderView.xib */; };
		283DD64723C8E2E5005A8DA2 /* BarcodeView.xib in Resources */ = {isa = PBXBuildFile; fileRef = 283DD60123C8E2E5005A8DA2 /* BarcodeView.xib */; };
		283DD64823C8E2E5005A8DA2 /* SingleAnswerView.xib in Resources */ = {isa = PBXBuildFile; fileRef = 283DD60223C8E2E5005A8DA2 /* SingleAnswerView.xib */; };
		283DD64923C8E2E5005A8DA2 /* NumericView.xib in Resources */ = {isa = PBXBuildFile; fileRef = 283DD60323C8E2E5005A8DA2 /* NumericView.xib */; };
		283DD64A23C8E2E5005A8DA2 /* PhotoView.xib in Resources */ = {isa = PBXBuildFile; fileRef = 283DD60423C8E2E5005A8DA2 /* PhotoView.xib */; };
		283DD64B23C8E2E5005A8DA2 /* TimeView.xib in Resources */ = {isa = PBXBuildFile; fileRef = 283DD60523C8E2E5005A8DA2 /* TimeView.xib */; };
		283DD64C23C8E2E5005A8DA2 /* MultipleChoiceView.xib in Resources */ = {isa = PBXBuildFile; fileRef = 283DD60623C8E2E5005A8DA2 /* MultipleChoiceView.xib */; };
		283DD64D23C8E2E5005A8DA2 /* MultipleChoiceOptionView.xib in Resources */ = {isa = PBXBuildFile; fileRef = 283DD60723C8E2E5005A8DA2 /* MultipleChoiceOptionView.xib */; };
		283DD64E23C8E2E5005A8DA2 /* SingleChoiceOptionView.xib in Resources */ = {isa = PBXBuildFile; fileRef = 283DD60823C8E2E5005A8DA2 /* SingleChoiceOptionView.xib */; };
		283DD64F23C8E2E5005A8DA2 /* RatingScaleView.xib in Resources */ = {isa = PBXBuildFile; fileRef = 283DD60923C8E2E5005A8DA2 /* RatingScaleView.xib */; };
		283DD65023C8E2E5005A8DA2 /* DateView.xib in Resources */ = {isa = PBXBuildFile; fileRef = 283DD60A23C8E2E5005A8DA2 /* DateView.xib */; };
		283DD65123C8E2E5005A8DA2 /* OpenEndedView.xib in Resources */ = {isa = PBXBuildFile; fileRef = 283DD60B23C8E2E5005A8DA2 /* OpenEndedView.xib */; };
		283DD65223C8E2E5005A8DA2 /* Utils.swift in Sources */ = {isa = PBXBuildFile; fileRef = 283DD60C23C8E2E5005A8DA2 /* Utils.swift */; };
		283DD65323C8E2E5005A8DA2 /* AppConstants.swift in Sources */ = {isa = PBXBuildFile; fileRef = 283DD60D23C8E2E5005A8DA2 /* AppConstants.swift */; };
		283DD65523C8E2E5005A8DA2 /* RewardsViewController.swift in Sources */ = {isa = PBXBuildFile; fileRef = 283DD61223C8E2E5005A8DA2 /* RewardsViewController.swift */; };
		283DD65623C8E2E5005A8DA2 /* RewardsTableViewCell.swift in Sources */ = {isa = PBXBuildFile; fileRef = 283DD61323C8E2E5005A8DA2 /* RewardsTableViewCell.swift */; };
		283DD65723C8E2E5005A8DA2 /* AlertPresenter.swift in Sources */ = {isa = PBXBuildFile; fileRef = 283DD61523C8E2E5005A8DA2 /* AlertPresenter.swift */; };
		283DD65823C8E2E5005A8DA2 /* AlertType.swift in Sources */ = {isa = PBXBuildFile; fileRef = 283DD61623C8E2E5005A8DA2 /* AlertType.swift */; };
		283DD65923C8E2E5005A8DA2 /* TaskAnnotation.swift in Sources */ = {isa = PBXBuildFile; fileRef = 283DD61823C8E2E5005A8DA2 /* TaskAnnotation.swift */; };
		283DD65A23C8E2E5005A8DA2 /* TaskListTableViewController.swift in Sources */ = {isa = PBXBuildFile; fileRef = 283DD61923C8E2E5005A8DA2 /* TaskListTableViewController.swift */; };
		283DD65B23C8E2E5005A8DA2 /* TaskTableViewCell.swift in Sources */ = {isa = PBXBuildFile; fileRef = 283DD61A23C8E2E5005A8DA2 /* TaskTableViewCell.swift */; };
		283DD65D23C8E2E5005A8DA2 /* MapViewController.swift in Sources */ = {isa = PBXBuildFile; fileRef = 283DD61D23C8E2E5005A8DA2 /* MapViewController.swift */; };
		283DD65E23C8E2E5005A8DA2 /* TaskOverviewViewController.swift in Sources */ = {isa = PBXBuildFile; fileRef = 283DD61F23C8E2E5005A8DA2 /* TaskOverviewViewController.swift */; };
		283DD65F23C8E2E5005A8DA2 /* ChecklistViewController.swift in Sources */ = {isa = PBXBuildFile; fileRef = 283DD62123C8E2E5005A8DA2 /* ChecklistViewController.swift */; };
		283DD66023C8E2E5005A8DA2 /* QuestionView.swift in Sources */ = {isa = PBXBuildFile; fileRef = 283DD62323C8E2E5005A8DA2 /* QuestionView.swift */; };
		283DD66123C8E2E5005A8DA2 /* QuestionViewController.swift in Sources */ = {isa = PBXBuildFile; fileRef = 283DD62423C8E2E5005A8DA2 /* QuestionViewController.swift */; };
		283DD66223C8E2E5005A8DA2 /* PhotoView.swift in Sources */ = {isa = PBXBuildFile; fileRef = 283DD62623C8E2E5005A8DA2 /* PhotoView.swift */; };
		283DD66323C8E2E5005A8DA2 /* MultipleChoiceOptionView.swift in Sources */ = {isa = PBXBuildFile; fileRef = 283DD62723C8E2E5005A8DA2 /* MultipleChoiceOptionView.swift */; };
		283DD66423C8E2E5005A8DA2 /* SingleChoiceOptionView.swift in Sources */ = {isa = PBXBuildFile; fileRef = 283DD62823C8E2E5005A8DA2 /* SingleChoiceOptionView.swift */; };
		283DD66523C8E2E5005A8DA2 /* QuestionController.swift in Sources */ = {isa = PBXBuildFile; fileRef = 283DD62923C8E2E5005A8DA2 /* QuestionController.swift */; };
		283DD66623C8E2E5005A8DA2 /* NumericView.swift in Sources */ = {isa = PBXBuildFile; fileRef = 283DD62B23C8E2E5005A8DA2 /* NumericView.swift */; };
		283DD66723C8E2E5005A8DA2 /* PlaceholderView.swift in Sources */ = {isa = PBXBuildFile; fileRef = 283DD62C23C8E2E5005A8DA2 /* PlaceholderView.swift */; };
		283DD66823C8E2E5005A8DA2 /* SingleAnswerView.swift in Sources */ = {isa = PBXBuildFile; fileRef = 283DD62D23C8E2E5005A8DA2 /* SingleAnswerView.swift */; };
		283DD66923C8E2E5005A8DA2 /* DateView.swift in Sources */ = {isa = PBXBuildFile; fileRef = 283DD62E23C8E2E5005A8DA2 /* DateView.swift */; };
		283DD66A23C8E2E5005A8DA2 /* BarcodeView.swift in Sources */ = {isa = PBXBuildFile; fileRef = 283DD62F23C8E2E5005A8DA2 /* BarcodeView.swift */; };
		283DD66B23C8E2E5005A8DA2 /* RatingScaleView.swift in Sources */ = {isa = PBXBuildFile; fileRef = 283DD63023C8E2E5005A8DA2 /* RatingScaleView.swift */; };
		283DD66C23C8E2E5005A8DA2 /* OpenEndedView.swift in Sources */ = {isa = PBXBuildFile; fileRef = 283DD63123C8E2E5005A8DA2 /* OpenEndedView.swift */; };
		283DD66D23C8E2E5005A8DA2 /* TimeView.swift in Sources */ = {isa = PBXBuildFile; fileRef = 283DD63223C8E2E5005A8DA2 /* TimeView.swift */; };
		283DD66E23C8E2E5005A8DA2 /* MultipleChoiceView.swift in Sources */ = {isa = PBXBuildFile; fileRef = 283DD63323C8E2E5005A8DA2 /* MultipleChoiceView.swift */; };
		283DD67023C8E2E5005A8DA2 /* AppDelegate.swift in Sources */ = {isa = PBXBuildFile; fileRef = 283DD63523C8E2E5005A8DA2 /* AppDelegate.swift */; };
		283DD67823C8E9FB005A8DA2 /* LoadingViewController.swift in Sources */ = {isa = PBXBuildFile; fileRef = 283DD67723C8E9FB005A8DA2 /* LoadingViewController.swift */; };
		28C0160723CCD06900554575 /* App.swift in Sources */ = {isa = PBXBuildFile; fileRef = 28C0160623CCD06900554575 /* App.swift */; };
		28C0161423CCD26300554575 /* DelegateServiceProtocol.swift in Sources */ = {isa = PBXBuildFile; fileRef = 28C0160C23CCD26300554575 /* DelegateServiceProtocol.swift */; };
		28C0161523CCD26300554575 /* DelegateService.swift in Sources */ = {isa = PBXBuildFile; fileRef = 28C0160D23CCD26300554575 /* DelegateService.swift */; };
		28C0161623CCD26300554575 /* TaskService.swift in Sources */ = {isa = PBXBuildFile; fileRef = 28C0160F23CCD26300554575 /* TaskService.swift */; };
		28C0161723CCD26300554575 /* TaskServiceProtocol.swift in Sources */ = {isa = PBXBuildFile; fileRef = 28C0161023CCD26300554575 /* TaskServiceProtocol.swift */; };
		28C0161823CCD26300554575 /* PlaceServiceProtocol.swift in Sources */ = {isa = PBXBuildFile; fileRef = 28C0161223CCD26300554575 /* PlaceServiceProtocol.swift */; };
		28C0161923CCD26300554575 /* PlaceService.swift in Sources */ = {isa = PBXBuildFile; fileRef = 28C0161323CCD26300554575 /* PlaceService.swift */; };
		F427FCF5CFE5954292853417 /* Pods_LiveShopperExample.framework in Frameworks */ = {isa = PBXBuildFile; fileRef = F4900BAE65401B86A64D23D8 /* Pods_LiveShopperExample.framework */; };
/* End PBXBuildFile section */

/* Begin PBXFileReference section */
		00E4FF8BB61B247EFCBA0935 /* Pods-LiveShopperExample.release.xcconfig */ = {isa = PBXFileReference; includeInIndex = 1; lastKnownFileType = text.xcconfig; name = "Pods-LiveShopperExample.release.xcconfig"; path = "Target Support Files/Pods-LiveShopperExample/Pods-LiveShopperExample.release.xcconfig"; sourceTree = "<group>"; };
		11D80D57C5D0952E2077D529 /* Pods-LiveShopperExample.debug.xcconfig */ = {isa = PBXFileReference; includeInIndex = 1; lastKnownFileType = text.xcconfig; name = "Pods-LiveShopperExample.debug.xcconfig"; path = "Target Support Files/Pods-LiveShopperExample/Pods-LiveShopperExample.debug.xcconfig"; sourceTree = "<group>"; };
		283DD5E823C8E2E5005A8DA2 /* main.strings */ = {isa = PBXFileReference; fileEncoding = 4; lastKnownFileType = text.plist.strings; path = main.strings; sourceTree = "<group>"; };
		283DD5E923C8E2E5005A8DA2 /* Assets.xcassets */ = {isa = PBXFileReference; lastKnownFileType = folder.assetcatalog; path = Assets.xcassets; sourceTree = "<group>"; };
		283DD5EA23C8E2E5005A8DA2 /* Info.plist */ = {isa = PBXFileReference; fileEncoding = 4; lastKnownFileType = text.plist.xml; path = Info.plist; sourceTree = "<group>"; };
		283DD5ED23C8E2E5005A8DA2 /* ViewController.swift */ = {isa = PBXFileReference; fileEncoding = 4; lastKnownFileType = sourcecode.swift; path = ViewController.swift; sourceTree = "<group>"; };
		283DD5F023C8E2E5005A8DA2 /* LsCheckButton.swift */ = {isa = PBXFileReference; fileEncoding = 4; lastKnownFileType = sourcecode.swift; path = LsCheckButton.swift; sourceTree = "<group>"; };
		283DD5F123C8E2E5005A8DA2 /* LsRadioButton.swift */ = {isa = PBXFileReference; fileEncoding = 4; lastKnownFileType = sourcecode.swift; path = LsRadioButton.swift; sourceTree = "<group>"; };
		283DD5F223C8E2E5005A8DA2 /* LsButton.swift */ = {isa = PBXFileReference; fileEncoding = 4; lastKnownFileType = sourcecode.swift; path = LsButton.swift; sourceTree = "<group>"; };
		283DD5F423C8E2E5005A8DA2 /* UIButton+Extensions.swift */ = {isa = PBXFileReference; fileEncoding = 4; lastKnownFileType = sourcecode.swift; path = "UIButton+Extensions.swift"; sourceTree = "<group>"; };
		283DD5F523C8E2E5005A8DA2 /* UIView+Extensions.swift */ = {isa = PBXFileReference; fileEncoding = 4; lastKnownFileType = sourcecode.swift; path = "UIView+Extensions.swift"; sourceTree = "<group>"; };
		283DD5F623C8E2E5005A8DA2 /* UINavigationController+Extensions.swift */ = {isa = PBXFileReference; fileEncoding = 4; lastKnownFileType = sourcecode.swift; path = "UINavigationController+Extensions.swift"; sourceTree = "<group>"; };
		283DD5F723C8E2E5005A8DA2 /* UITableView+Extensions.swift */ = {isa = PBXFileReference; fileEncoding = 4; lastKnownFileType = sourcecode.swift; path = "UITableView+Extensions.swift"; sourceTree = "<group>"; };
		283DD5FD23C8E2E5005A8DA2 /* LaunchScreen.storyboard */ = {isa = PBXFileReference; fileEncoding = 4; lastKnownFileType = file.storyboard; path = LaunchScreen.storyboard; sourceTree = "<group>"; };
		283DD5FE23C8E2E5005A8DA2 /* Main.storyboard */ = {isa = PBXFileReference; fileEncoding = 4; lastKnownFileType = file.storyboard; path = Main.storyboard; sourceTree = "<group>"; };
		283DD60023C8E2E5005A8DA2 /* PlaceholderView.xib */ = {isa = PBXFileReference; fileEncoding = 4; lastKnownFileType = file.xib; path = PlaceholderView.xib; sourceTree = "<group>"; };
		283DD60123C8E2E5005A8DA2 /* BarcodeView.xib */ = {isa = PBXFileReference; fileEncoding = 4; lastKnownFileType = file.xib; path = BarcodeView.xib; sourceTree = "<group>"; };
		283DD60223C8E2E5005A8DA2 /* SingleAnswerView.xib */ = {isa = PBXFileReference; fileEncoding = 4; lastKnownFileType = file.xib; path = SingleAnswerView.xib; sourceTree = "<group>"; };
		283DD60323C8E2E5005A8DA2 /* NumericView.xib */ = {isa = PBXFileReference; fileEncoding = 4; lastKnownFileType = file.xib; path = NumericView.xib; sourceTree = "<group>"; };
		283DD60423C8E2E5005A8DA2 /* PhotoView.xib */ = {isa = PBXFileReference; fileEncoding = 4; lastKnownFileType = file.xib; path = PhotoView.xib; sourceTree = "<group>"; };
		283DD60523C8E2E5005A8DA2 /* TimeView.xib */ = {isa = PBXFileReference; fileEncoding = 4; lastKnownFileType = file.xib; path = TimeView.xib; sourceTree = "<group>"; };
		283DD60623C8E2E5005A8DA2 /* MultipleChoiceView.xib */ = {isa = PBXFileReference; fileEncoding = 4; lastKnownFileType = file.xib; path = MultipleChoiceView.xib; sourceTree = "<group>"; };
		283DD60723C8E2E5005A8DA2 /* MultipleChoiceOptionView.xib */ = {isa = PBXFileReference; fileEncoding = 4; lastKnownFileType = file.xib; path = MultipleChoiceOptionView.xib; sourceTree = "<group>"; };
		283DD60823C8E2E5005A8DA2 /* SingleChoiceOptionView.xib */ = {isa = PBXFileReference; fileEncoding = 4; lastKnownFileType = file.xib; path = SingleChoiceOptionView.xib; sourceTree = "<group>"; };
		283DD60923C8E2E5005A8DA2 /* RatingScaleView.xib */ = {isa = PBXFileReference; fileEncoding = 4; lastKnownFileType = file.xib; path = RatingScaleView.xib; sourceTree = "<group>"; };
		283DD60A23C8E2E5005A8DA2 /* DateView.xib */ = {isa = PBXFileReference; fileEncoding = 4; lastKnownFileType = file.xib; path = DateView.xib; sourceTree = "<group>"; };
		283DD60B23C8E2E5005A8DA2 /* OpenEndedView.xib */ = {isa = PBXFileReference; fileEncoding = 4; lastKnownFileType = file.xib; path = OpenEndedView.xib; sourceTree = "<group>"; };
		283DD60C23C8E2E5005A8DA2 /* Utils.swift */ = {isa = PBXFileReference; fileEncoding = 4; lastKnownFileType = sourcecode.swift; path = Utils.swift; sourceTree = "<group>"; };
		283DD60D23C8E2E5005A8DA2 /* AppConstants.swift */ = {isa = PBXFileReference; fileEncoding = 4; lastKnownFileType = sourcecode.swift; path = AppConstants.swift; sourceTree = "<group>"; };
		283DD61223C8E2E5005A8DA2 /* RewardsViewController.swift */ = {isa = PBXFileReference; fileEncoding = 4; lastKnownFileType = sourcecode.swift; path = RewardsViewController.swift; sourceTree = "<group>"; };
		283DD61323C8E2E5005A8DA2 /* RewardsTableViewCell.swift */ = {isa = PBXFileReference; fileEncoding = 4; lastKnownFileType = sourcecode.swift; path = RewardsTableViewCell.swift; sourceTree = "<group>"; };
		283DD61523C8E2E5005A8DA2 /* AlertPresenter.swift */ = {isa = PBXFileReference; fileEncoding = 4; lastKnownFileType = sourcecode.swift; path = AlertPresenter.swift; sourceTree = "<group>"; };
		283DD61623C8E2E5005A8DA2 /* AlertType.swift */ = {isa = PBXFileReference; fileEncoding = 4; lastKnownFileType = sourcecode.swift; path = AlertType.swift; sourceTree = "<group>"; };
		283DD61823C8E2E5005A8DA2 /* TaskAnnotation.swift */ = {isa = PBXFileReference; fileEncoding = 4; lastKnownFileType = sourcecode.swift; path = TaskAnnotation.swift; sourceTree = "<group>"; };
		283DD61923C8E2E5005A8DA2 /* TaskListTableViewController.swift */ = {isa = PBXFileReference; fileEncoding = 4; lastKnownFileType = sourcecode.swift; path = TaskListTableViewController.swift; sourceTree = "<group>"; };
		283DD61A23C8E2E5005A8DA2 /* TaskTableViewCell.swift */ = {isa = PBXFileReference; fileEncoding = 4; lastKnownFileType = sourcecode.swift; path = TaskTableViewCell.swift; sourceTree = "<group>"; };
		283DD61D23C8E2E5005A8DA2 /* MapViewController.swift */ = {isa = PBXFileReference; fileEncoding = 4; lastKnownFileType = sourcecode.swift; path = MapViewController.swift; sourceTree = "<group>"; };
		283DD61F23C8E2E5005A8DA2 /* TaskOverviewViewController.swift */ = {isa = PBXFileReference; fileEncoding = 4; lastKnownFileType = sourcecode.swift; path = TaskOverviewViewController.swift; sourceTree = "<group>"; };
		283DD62123C8E2E5005A8DA2 /* ChecklistViewController.swift */ = {isa = PBXFileReference; fileEncoding = 4; lastKnownFileType = sourcecode.swift; path = ChecklistViewController.swift; sourceTree = "<group>"; };
		283DD62323C8E2E5005A8DA2 /* QuestionView.swift */ = {isa = PBXFileReference; fileEncoding = 4; lastKnownFileType = sourcecode.swift; path = QuestionView.swift; sourceTree = "<group>"; };
		283DD62423C8E2E5005A8DA2 /* QuestionViewController.swift */ = {isa = PBXFileReference; fileEncoding = 4; lastKnownFileType = sourcecode.swift; path = QuestionViewController.swift; sourceTree = "<group>"; };
		283DD62623C8E2E5005A8DA2 /* PhotoView.swift */ = {isa = PBXFileReference; fileEncoding = 4; lastKnownFileType = sourcecode.swift; path = PhotoView.swift; sourceTree = "<group>"; };
		283DD62723C8E2E5005A8DA2 /* MultipleChoiceOptionView.swift */ = {isa = PBXFileReference; fileEncoding = 4; lastKnownFileType = sourcecode.swift; path = MultipleChoiceOptionView.swift; sourceTree = "<group>"; };
		283DD62823C8E2E5005A8DA2 /* SingleChoiceOptionView.swift */ = {isa = PBXFileReference; fileEncoding = 4; lastKnownFileType = sourcecode.swift; path = SingleChoiceOptionView.swift; sourceTree = "<group>"; };
		283DD62923C8E2E5005A8DA2 /* QuestionController.swift */ = {isa = PBXFileReference; fileEncoding = 4; lastKnownFileType = sourcecode.swift; path = QuestionController.swift; sourceTree = "<group>"; };
		283DD62B23C8E2E5005A8DA2 /* NumericView.swift */ = {isa = PBXFileReference; fileEncoding = 4; lastKnownFileType = sourcecode.swift; path = NumericView.swift; sourceTree = "<group>"; };
		283DD62C23C8E2E5005A8DA2 /* PlaceholderView.swift */ = {isa = PBXFileReference; fileEncoding = 4; lastKnownFileType = sourcecode.swift; path = PlaceholderView.swift; sourceTree = "<group>"; };
		283DD62D23C8E2E5005A8DA2 /* SingleAnswerView.swift */ = {isa = PBXFileReference; fileEncoding = 4; lastKnownFileType = sourcecode.swift; path = SingleAnswerView.swift; sourceTree = "<group>"; };
		283DD62E23C8E2E5005A8DA2 /* DateView.swift */ = {isa = PBXFileReference; fileEncoding = 4; lastKnownFileType = sourcecode.swift; path = DateView.swift; sourceTree = "<group>"; };
		283DD62F23C8E2E5005A8DA2 /* BarcodeView.swift */ = {isa = PBXFileReference; fileEncoding = 4; lastKnownFileType = sourcecode.swift; path = BarcodeView.swift; sourceTree = "<group>"; };
		283DD63023C8E2E5005A8DA2 /* RatingScaleView.swift */ = {isa = PBXFileReference; fileEncoding = 4; lastKnownFileType = sourcecode.swift; path = RatingScaleView.swift; sourceTree = "<group>"; };
		283DD63123C8E2E5005A8DA2 /* OpenEndedView.swift */ = {isa = PBXFileReference; fileEncoding = 4; lastKnownFileType = sourcecode.swift; path = OpenEndedView.swift; sourceTree = "<group>"; };
		283DD63223C8E2E5005A8DA2 /* TimeView.swift */ = {isa = PBXFileReference; fileEncoding = 4; lastKnownFileType = sourcecode.swift; path = TimeView.swift; sourceTree = "<group>"; };
		283DD63323C8E2E5005A8DA2 /* MultipleChoiceView.swift */ = {isa = PBXFileReference; fileEncoding = 4; lastKnownFileType = sourcecode.swift; path = MultipleChoiceView.swift; sourceTree = "<group>"; };
		283DD63523C8E2E5005A8DA2 /* AppDelegate.swift */ = {isa = PBXFileReference; fileEncoding = 4; lastKnownFileType = sourcecode.swift; path = AppDelegate.swift; sourceTree = "<group>"; };
		283DD67723C8E9FB005A8DA2 /* LoadingViewController.swift */ = {isa = PBXFileReference; fileEncoding = 4; lastKnownFileType = sourcecode.swift; path = LoadingViewController.swift; sourceTree = "<group>"; };
		285959C9237E12E300B13853 /* LiveShopperExample.app */ = {isa = PBXFileReference; explicitFileType = wrapper.application; includeInIndex = 0; path = LiveShopperExample.app; sourceTree = BUILT_PRODUCTS_DIR; };
		28C0160623CCD06900554575 /* App.swift */ = {isa = PBXFileReference; fileEncoding = 4; lastKnownFileType = sourcecode.swift; path = App.swift; sourceTree = "<group>"; };
		28C0160C23CCD26300554575 /* DelegateServiceProtocol.swift */ = {isa = PBXFileReference; fileEncoding = 4; lastKnownFileType = sourcecode.swift; path = DelegateServiceProtocol.swift; sourceTree = "<group>"; };
		28C0160D23CCD26300554575 /* DelegateService.swift */ = {isa = PBXFileReference; fileEncoding = 4; lastKnownFileType = sourcecode.swift; path = DelegateService.swift; sourceTree = "<group>"; };
		28C0160F23CCD26300554575 /* TaskService.swift */ = {isa = PBXFileReference; fileEncoding = 4; lastKnownFileType = sourcecode.swift; path = TaskService.swift; sourceTree = "<group>"; };
		28C0161023CCD26300554575 /* TaskServiceProtocol.swift */ = {isa = PBXFileReference; fileEncoding = 4; lastKnownFileType = sourcecode.swift; path = TaskServiceProtocol.swift; sourceTree = "<group>"; };
		28C0161223CCD26300554575 /* PlaceServiceProtocol.swift */ = {isa = PBXFileReference; fileEncoding = 4; lastKnownFileType = sourcecode.swift; path = PlaceServiceProtocol.swift; sourceTree = "<group>"; };
		28C0161323CCD26300554575 /* PlaceService.swift */ = {isa = PBXFileReference; fileEncoding = 4; lastKnownFileType = sourcecode.swift; path = PlaceService.swift; sourceTree = "<group>"; };
		7D7E77A172F7E65051CCE859 /* Pods-LiveShopperExample.local.xcconfig */ = {isa = PBXFileReference; includeInIndex = 1; lastKnownFileType = text.xcconfig; name = "Pods-LiveShopperExample.local.xcconfig"; path = "Target Support Files/Pods-LiveShopperExample/Pods-LiveShopperExample.local.xcconfig"; sourceTree = "<group>"; };
		F4900BAE65401B86A64D23D8 /* Pods_LiveShopperExample.framework */ = {isa = PBXFileReference; explicitFileType = wrapper.framework; includeInIndex = 0; path = Pods_LiveShopperExample.framework; sourceTree = BUILT_PRODUCTS_DIR; };
/* End PBXFileReference section */

/* Begin PBXFrameworksBuildPhase section */
		285959C6237E12E300B13853 /* Frameworks */ = {
			isa = PBXFrameworksBuildPhase;
			buildActionMask = 2147483647;
			files = (
				F427FCF5CFE5954292853417 /* Pods_LiveShopperExample.framework in Frameworks */,
			);
			runOnlyForDeploymentPostprocessing = 0;
		};
/* End PBXFrameworksBuildPhase section */

/* Begin PBXGroup section */
		283DD5E523C8E2E5005A8DA2 /* Assets */ = {
			isa = PBXGroup;
			children = (
				283DD5E923C8E2E5005A8DA2 /* Assets.xcassets */,
				283DD5E623C8E2E5005A8DA2 /* Resources */,
				283DD5EA23C8E2E5005A8DA2 /* Info.plist */,
			);
			path = Assets;
			sourceTree = "<group>";
		};
		283DD5E623C8E2E5005A8DA2 /* Resources */ = {
			isa = PBXGroup;
			children = (
				283DD5E723C8E2E5005A8DA2 /* En.lprog */,
			);
			path = Resources;
			sourceTree = "<group>";
		};
		283DD5E723C8E2E5005A8DA2 /* En.lprog */ = {
			isa = PBXGroup;
			children = (
				283DD5E823C8E2E5005A8DA2 /* main.strings */,
			);
			path = En.lprog;
			sourceTree = "<group>";
		};
		283DD5EB23C8E2E5005A8DA2 /* Sources */ = {
			isa = PBXGroup;
			children = (
				283DD5EC23C8E2E5005A8DA2 /* App */,
				283DD63523C8E2E5005A8DA2 /* AppDelegate.swift */,
			);
			path = Sources;
			sourceTree = "<group>";
		};
		283DD5EC23C8E2E5005A8DA2 /* App */ = {
			isa = PBXGroup;
			children = (
				283DD5EE23C8E2E5005A8DA2 /* Core */,
				283DD60E23C8E2E5005A8DA2 /* Modules */,
				28C0160A23CCD26300554575 /* Services */,
				283DD5FB23C8E2E5005A8DA2 /* UX */,
				28C0160623CCD06900554575 /* App.swift */,
				283DD5ED23C8E2E5005A8DA2 /* ViewController.swift */,
			);
			path = App;
			sourceTree = "<group>";
		};
		283DD5EE23C8E2E5005A8DA2 /* Core */ = {
			isa = PBXGroup;
			children = (
				283DD67223C8E350005A8DA2 /* Config */,
				283DD5F323C8E2E5005A8DA2 /* Extensions */,
				283DD60C23C8E2E5005A8DA2 /* Utils.swift */,
			);
			path = Core;
			sourceTree = "<group>";
		};
		283DD5EF23C8E2E5005A8DA2 /* Elements */ = {
			isa = PBXGroup;
			children = (
				283DD5F023C8E2E5005A8DA2 /* LsCheckButton.swift */,
				283DD5F123C8E2E5005A8DA2 /* LsRadioButton.swift */,
				283DD5F223C8E2E5005A8DA2 /* LsButton.swift */,
			);
			path = Elements;
			sourceTree = "<group>";
		};
		283DD5F323C8E2E5005A8DA2 /* Extensions */ = {
			isa = PBXGroup;
			children = (
				283DD5F423C8E2E5005A8DA2 /* UIButton+Extensions.swift */,
				283DD5F523C8E2E5005A8DA2 /* UIView+Extensions.swift */,
				283DD5F623C8E2E5005A8DA2 /* UINavigationController+Extensions.swift */,
				283DD5F723C8E2E5005A8DA2 /* UITableView+Extensions.swift */,
			);
			path = Extensions;
			sourceTree = "<group>";
		};
		283DD5FB23C8E2E5005A8DA2 /* UX */ = {
			isa = PBXGroup;
			children = (
				283DD5EF23C8E2E5005A8DA2 /* Elements */,
				283DD5FC23C8E2E5005A8DA2 /* Storyboards */,
				283DD5FF23C8E2E5005A8DA2 /* Views */,
			);
			path = UX;
			sourceTree = "<group>";
		};
		283DD5FC23C8E2E5005A8DA2 /* Storyboards */ = {
			isa = PBXGroup;
			children = (
				283DD5FD23C8E2E5005A8DA2 /* LaunchScreen.storyboard */,
				283DD5FE23C8E2E5005A8DA2 /* Main.storyboard */,
			);
			path = Storyboards;
			sourceTree = "<group>";
		};
		283DD5FF23C8E2E5005A8DA2 /* Views */ = {
			isa = PBXGroup;
			children = (
				283DD60023C8E2E5005A8DA2 /* PlaceholderView.xib */,
				283DD60123C8E2E5005A8DA2 /* BarcodeView.xib */,
				283DD60223C8E2E5005A8DA2 /* SingleAnswerView.xib */,
				283DD60323C8E2E5005A8DA2 /* NumericView.xib */,
				283DD60423C8E2E5005A8DA2 /* PhotoView.xib */,
				283DD60523C8E2E5005A8DA2 /* TimeView.xib */,
				283DD60623C8E2E5005A8DA2 /* MultipleChoiceView.xib */,
				283DD60723C8E2E5005A8DA2 /* MultipleChoiceOptionView.xib */,
				283DD60823C8E2E5005A8DA2 /* SingleChoiceOptionView.xib */,
				283DD60923C8E2E5005A8DA2 /* RatingScaleView.xib */,
				283DD60A23C8E2E5005A8DA2 /* DateView.xib */,
				283DD60B23C8E2E5005A8DA2 /* OpenEndedView.xib */,
			);
			path = Views;
			sourceTree = "<group>";
		};
		283DD60E23C8E2E5005A8DA2 /* Modules */ = {
			isa = PBXGroup;
			children = (
				283DD61423C8E2E5005A8DA2 /* Alerts */,
				283DD62023C8E2E5005A8DA2 /* Checklist */,
				283DD67623C8E9FB005A8DA2 /* Loading */,
				283DD61B23C8E2E5005A8DA2 /* Map */,
				283DD62223C8E2E5005A8DA2 /* Questions */,
				283DD61123C8E2E5005A8DA2 /* Rewards */,
				283DD61723C8E2E5005A8DA2 /* TaskList */,
				283DD61E23C8E2E5005A8DA2 /* TaskOverview */,
			);
			path = Modules;
			sourceTree = "<group>";
		};
		283DD61123C8E2E5005A8DA2 /* Rewards */ = {
			isa = PBXGroup;
			children = (
				283DD61223C8E2E5005A8DA2 /* RewardsViewController.swift */,
				283DD61323C8E2E5005A8DA2 /* RewardsTableViewCell.swift */,
			);
			path = Rewards;
			sourceTree = "<group>";
		};
		283DD61423C8E2E5005A8DA2 /* Alerts */ = {
			isa = PBXGroup;
			children = (
				283DD61523C8E2E5005A8DA2 /* AlertPresenter.swift */,
				283DD61623C8E2E5005A8DA2 /* AlertType.swift */,
			);
			path = Alerts;
			sourceTree = "<group>";
		};
		283DD61723C8E2E5005A8DA2 /* TaskList */ = {
			isa = PBXGroup;
			children = (
				283DD61823C8E2E5005A8DA2 /* TaskAnnotation.swift */,
				283DD61923C8E2E5005A8DA2 /* TaskListTableViewController.swift */,
				283DD61A23C8E2E5005A8DA2 /* TaskTableViewCell.swift */,
			);
			path = TaskList;
			sourceTree = "<group>";
		};
		283DD61B23C8E2E5005A8DA2 /* Map */ = {
			isa = PBXGroup;
			children = (
				283DD61D23C8E2E5005A8DA2 /* MapViewController.swift */,
			);
			path = Map;
			sourceTree = "<group>";
		};
		283DD61E23C8E2E5005A8DA2 /* TaskOverview */ = {
			isa = PBXGroup;
			children = (
				283DD61F23C8E2E5005A8DA2 /* TaskOverviewViewController.swift */,
			);
			path = TaskOverview;
			sourceTree = "<group>";
		};
		283DD62023C8E2E5005A8DA2 /* Checklist */ = {
			isa = PBXGroup;
			children = (
				283DD62123C8E2E5005A8DA2 /* ChecklistViewController.swift */,
			);
			path = Checklist;
			sourceTree = "<group>";
		};
		283DD62223C8E2E5005A8DA2 /* Questions */ = {
			isa = PBXGroup;
			children = (
				283DD62323C8E2E5005A8DA2 /* QuestionView.swift */,
				283DD62423C8E2E5005A8DA2 /* QuestionViewController.swift */,
				283DD62523C8E2E5005A8DA2 /* Components */,
				283DD62923C8E2E5005A8DA2 /* QuestionController.swift */,
				283DD62A23C8E2E5005A8DA2 /* Views */,
			);
			path = Questions;
			sourceTree = "<group>";
		};
		283DD62523C8E2E5005A8DA2 /* Components */ = {
			isa = PBXGroup;
			children = (
				283DD62623C8E2E5005A8DA2 /* PhotoView.swift */,
				283DD62723C8E2E5005A8DA2 /* MultipleChoiceOptionView.swift */,
				283DD62823C8E2E5005A8DA2 /* SingleChoiceOptionView.swift */,
			);
			path = Components;
			sourceTree = "<group>";
		};
		283DD62A23C8E2E5005A8DA2 /* Views */ = {
			isa = PBXGroup;
			children = (
				283DD62B23C8E2E5005A8DA2 /* NumericView.swift */,
				283DD62C23C8E2E5005A8DA2 /* PlaceholderView.swift */,
				283DD62D23C8E2E5005A8DA2 /* SingleAnswerView.swift */,
				283DD62E23C8E2E5005A8DA2 /* DateView.swift */,
				283DD62F23C8E2E5005A8DA2 /* BarcodeView.swift */,
				283DD63023C8E2E5005A8DA2 /* RatingScaleView.swift */,
				283DD63123C8E2E5005A8DA2 /* OpenEndedView.swift */,
				283DD63223C8E2E5005A8DA2 /* TimeView.swift */,
				283DD63323C8E2E5005A8DA2 /* MultipleChoiceView.swift */,
			);
			path = Views;
			sourceTree = "<group>";
		};
		283DD67223C8E350005A8DA2 /* Config */ = {
			isa = PBXGroup;
			children = (
				283DD60D23C8E2E5005A8DA2 /* AppConstants.swift */,
			);
			path = Config;
			sourceTree = "<group>";
		};
		283DD67623C8E9FB005A8DA2 /* Loading */ = {
			isa = PBXGroup;
			children = (
				283DD67723C8E9FB005A8DA2 /* LoadingViewController.swift */,
			);
			path = Loading;
			sourceTree = "<group>";
		};
		285959C0237E12E300B13853 = {
			isa = PBXGroup;
			children = (
				285959CB237E12E300B13853 /* LiveShopperExample */,
				285959CA237E12E300B13853 /* Products */,
				47442307D724C77A34E89430 /* Pods */,
				4AB1DECDD77CE8E9262324BE /* Frameworks */,
			);
			sourceTree = "<group>";
		};
		285959CA237E12E300B13853 /* Products */ = {
			isa = PBXGroup;
			children = (
				285959C9237E12E300B13853 /* LiveShopperExample.app */,
			);
			name = Products;
			sourceTree = "<group>";
		};
		285959CB237E12E300B13853 /* LiveShopperExample */ = {
			isa = PBXGroup;
			children = (
				283DD5E523C8E2E5005A8DA2 /* Assets */,
				283DD5EB23C8E2E5005A8DA2 /* Sources */,
			);
			path = LiveShopperExample;
			sourceTree = "<group>";
		};
		28C0160A23CCD26300554575 /* Services */ = {
			isa = PBXGroup;
			children = (
				28C0160B23CCD26300554575 /* Delegate */,
				28C0160E23CCD26300554575 /* Task */,
				28C0161123CCD26300554575 /* Place */,
			);
			path = Services;
			sourceTree = "<group>";
		};
		28C0160B23CCD26300554575 /* Delegate */ = {
			isa = PBXGroup;
			children = (
				28C0160C23CCD26300554575 /* DelegateServiceProtocol.swift */,
				28C0160D23CCD26300554575 /* DelegateService.swift */,
			);
			path = Delegate;
			sourceTree = "<group>";
		};
		28C0160E23CCD26300554575 /* Task */ = {
			isa = PBXGroup;
			children = (
				28C0160F23CCD26300554575 /* TaskService.swift */,
				28C0161023CCD26300554575 /* TaskServiceProtocol.swift */,
			);
			path = Task;
			sourceTree = "<group>";
		};
		28C0161123CCD26300554575 /* Place */ = {
			isa = PBXGroup;
			children = (
				28C0161223CCD26300554575 /* PlaceServiceProtocol.swift */,
				28C0161323CCD26300554575 /* PlaceService.swift */,
			);
			path = Place;
			sourceTree = "<group>";
		};
		47442307D724C77A34E89430 /* Pods */ = {
			isa = PBXGroup;
			children = (
				11D80D57C5D0952E2077D529 /* Pods-LiveShopperExample.debug.xcconfig */,
				7D7E77A172F7E65051CCE859 /* Pods-LiveShopperExample.local.xcconfig */,
				00E4FF8BB61B247EFCBA0935 /* Pods-LiveShopperExample.release.xcconfig */,
			);
			path = Pods;
			sourceTree = "<group>";
		};
		4AB1DECDD77CE8E9262324BE /* Frameworks */ = {
			isa = PBXGroup;
			children = (
				F4900BAE65401B86A64D23D8 /* Pods_LiveShopperExample.framework */,
			);
			name = Frameworks;
			sourceTree = "<group>";
		};
/* End PBXGroup section */

/* Begin PBXNativeTarget section */
		285959C8237E12E300B13853 /* LiveShopperExample */ = {
			isa = PBXNativeTarget;
			buildConfigurationList = 285959DD237E12E400B13853 /* Build configuration list for PBXNativeTarget "LiveShopperExample" */;
			buildPhases = (
				6070B9658D7D66FA5F368009 /* [CP] Check Pods Manifest.lock */,
				285959C5237E12E300B13853 /* Sources */,
				285959C6237E12E300B13853 /* Frameworks */,
				285959C7237E12E300B13853 /* Resources */,
				81B1752D9EB203C20CB38DA6 /* [CP] Embed Pods Frameworks */,
			);
			buildRules = (
			);
			dependencies = (
			);
			name = LiveShopperExample;
			productName = LiveShopperExample;
			productReference = 285959C9237E12E300B13853 /* LiveShopperExample.app */;
			productType = "com.apple.product-type.application";
		};
/* End PBXNativeTarget section */

/* Begin PBXProject section */
		285959C1237E12E300B13853 /* Project object */ = {
			isa = PBXProject;
			attributes = {
				LastSwiftUpdateCheck = 1120;
				LastUpgradeCheck = 1120;
				ORGANIZATIONNAME = "LiveShopper, LLC";
				TargetAttributes = {
					285959C8237E12E300B13853 = {
						CreatedOnToolsVersion = 11.2.1;
						LastSwiftMigration = 1130;
					};
				};
			};
			buildConfigurationList = 285959C4237E12E300B13853 /* Build configuration list for PBXProject "LiveShopperExample" */;
			compatibilityVersion = "Xcode 9.3";
			developmentRegion = en;
			hasScannedForEncodings = 0;
			knownRegions = (
				en,
				Base,
			);
			mainGroup = 285959C0237E12E300B13853;
			productRefGroup = 285959CA237E12E300B13853 /* Products */;
			projectDirPath = "";
			projectRoot = "";
			targets = (
				285959C8237E12E300B13853 /* LiveShopperExample */,
			);
		};
/* End PBXProject section */

/* Begin PBXResourcesBuildPhase section */
		285959C7237E12E300B13853 /* Resources */ = {
			isa = PBXResourcesBuildPhase;
			buildActionMask = 2147483647;
			files = (
				283DD64B23C8E2E5005A8DA2 /* TimeView.xib in Resources */,
				283DD64C23C8E2E5005A8DA2 /* MultipleChoiceView.xib in Resources */,
				283DD64F23C8E2E5005A8DA2 /* RatingScaleView.xib in Resources */,
				283DD64623C8E2E5005A8DA2 /* PlaceholderView.xib in Resources */,
				283DD63723C8E2E5005A8DA2 /* Assets.xcassets in Resources */,
				283DD64E23C8E2E5005A8DA2 /* SingleChoiceOptionView.xib in Resources */,
				283DD65023C8E2E5005A8DA2 /* DateView.xib in Resources */,
				283DD64923C8E2E5005A8DA2 /* NumericView.xib in Resources */,
				283DD64823C8E2E5005A8DA2 /* SingleAnswerView.xib in Resources */,
				283DD64D23C8E2E5005A8DA2 /* MultipleChoiceOptionView.xib in Resources */,
				283DD64523C8E2E5005A8DA2 /* Main.storyboard in Resources */,
				283DD64423C8E2E5005A8DA2 /* LaunchScreen.storyboard in Resources */,
				283DD63623C8E2E5005A8DA2 /* main.strings in Resources */,
				283DD65123C8E2E5005A8DA2 /* OpenEndedView.xib in Resources */,
				283DD64A23C8E2E5005A8DA2 /* PhotoView.xib in Resources */,
				283DD64723C8E2E5005A8DA2 /* BarcodeView.xib in Resources */,
			);
			runOnlyForDeploymentPostprocessing = 0;
		};
/* End PBXResourcesBuildPhase section */

/* Begin PBXShellScriptBuildPhase section */
		6070B9658D7D66FA5F368009 /* [CP] Check Pods Manifest.lock */ = {
			isa = PBXShellScriptBuildPhase;
			buildActionMask = 2147483647;
			files = (
			);
			inputFileListPaths = (
			);
			inputPaths = (
				"${PODS_PODFILE_DIR_PATH}/Podfile.lock",
				"${PODS_ROOT}/Manifest.lock",
			);
			name = "[CP] Check Pods Manifest.lock";
			outputFileListPaths = (
			);
			outputPaths = (
				"$(DERIVED_FILE_DIR)/Pods-LiveShopperExample-checkManifestLockResult.txt",
			);
			runOnlyForDeploymentPostprocessing = 0;
			shellPath = /bin/sh;
			shellScript = "diff \"${PODS_PODFILE_DIR_PATH}/Podfile.lock\" \"${PODS_ROOT}/Manifest.lock\" > /dev/null\nif [ $? != 0 ] ; then\n    # print error to STDERR\n    echo \"error: The sandbox is not in sync with the Podfile.lock. Run 'pod install' or update your CocoaPods installation.\" >&2\n    exit 1\nfi\n# This output is used by Xcode 'outputs' to avoid re-running this script phase.\necho \"SUCCESS\" > \"${SCRIPT_OUTPUT_FILE_0}\"\n";
			showEnvVarsInLog = 0;
		};
		81B1752D9EB203C20CB38DA6 /* [CP] Embed Pods Frameworks */ = {
			isa = PBXShellScriptBuildPhase;
			buildActionMask = 2147483647;
			files = (
			);
			inputFileListPaths = (
				"${PODS_ROOT}/Target Support Files/Pods-LiveShopperExample/Pods-LiveShopperExample-frameworks-${CONFIGURATION}-input-files.xcfilelist",
			);
			name = "[CP] Embed Pods Frameworks";
			outputFileListPaths = (
				"${PODS_ROOT}/Target Support Files/Pods-LiveShopperExample/Pods-LiveShopperExample-frameworks-${CONFIGURATION}-output-files.xcfilelist",
			);
			runOnlyForDeploymentPostprocessing = 0;
			shellPath = /bin/sh;
			shellScript = "\"${PODS_ROOT}/Target Support Files/Pods-LiveShopperExample/Pods-LiveShopperExample-frameworks.sh\"\n";
			showEnvVarsInLog = 0;
		};
/* End PBXShellScriptBuildPhase section */

/* Begin PBXSourcesBuildPhase section */
		285959C5237E12E300B13853 /* Sources */ = {
			isa = PBXSourcesBuildPhase;
			buildActionMask = 2147483647;
			files = (
				283DD65E23C8E2E5005A8DA2 /* TaskOverviewViewController.swift in Sources */,
				283DD65623C8E2E5005A8DA2 /* RewardsTableViewCell.swift in Sources */,
				283DD65523C8E2E5005A8DA2 /* RewardsViewController.swift in Sources */,
				283DD63E23C8E2E5005A8DA2 /* UIView+Extensions.swift in Sources */,
				283DD66E23C8E2E5005A8DA2 /* MultipleChoiceView.swift in Sources */,
				283DD63C23C8E2E5005A8DA2 /* LsButton.swift in Sources */,
				283DD66023C8E2E5005A8DA2 /* QuestionView.swift in Sources */,
				283DD63923C8E2E5005A8DA2 /* ViewController.swift in Sources */,
				283DD66B23C8E2E5005A8DA2 /* RatingScaleView.swift in Sources */,
				283DD66423C8E2E5005A8DA2 /* SingleChoiceOptionView.swift in Sources */,
				28C0161823CCD26300554575 /* PlaceServiceProtocol.swift in Sources */,
				283DD64023C8E2E5005A8DA2 /* UITableView+Extensions.swift in Sources */,
				283DD65923C8E2E5005A8DA2 /* TaskAnnotation.swift in Sources */,
				283DD66823C8E2E5005A8DA2 /* SingleAnswerView.swift in Sources */,
				283DD65D23C8E2E5005A8DA2 /* MapViewController.swift in Sources */,
				283DD63A23C8E2E5005A8DA2 /* LsCheckButton.swift in Sources */,
				283DD63D23C8E2E5005A8DA2 /* UIButton+Extensions.swift in Sources */,
				28C0161923CCD26300554575 /* PlaceService.swift in Sources */,
				283DD67023C8E2E5005A8DA2 /* AppDelegate.swift in Sources */,
				283DD66523C8E2E5005A8DA2 /* QuestionController.swift in Sources */,
				28C0161623CCD26300554575 /* TaskService.swift in Sources */,
				283DD63B23C8E2E5005A8DA2 /* LsRadioButton.swift in Sources */,
				283DD65723C8E2E5005A8DA2 /* AlertPresenter.swift in Sources */,
				283DD66123C8E2E5005A8DA2 /* QuestionViewController.swift in Sources */,
				283DD66723C8E2E5005A8DA2 /* PlaceholderView.swift in Sources */,
				28C0161523CCD26300554575 /* DelegateService.swift in Sources */,
				28C0161423CCD26300554575 /* DelegateServiceProtocol.swift in Sources */,
				283DD66A23C8E2E5005A8DA2 /* BarcodeView.swift in Sources */,
				283DD65B23C8E2E5005A8DA2 /* TaskTableViewCell.swift in Sources */,
				28C0160723CCD06900554575 /* App.swift in Sources */,
				283DD65F23C8E2E5005A8DA2 /* ChecklistViewController.swift in Sources */,
				283DD65A23C8E2E5005A8DA2 /* TaskListTableViewController.swift in Sources */,
				283DD66323C8E2E5005A8DA2 /* MultipleChoiceOptionView.swift in Sources */,
				283DD67823C8E9FB005A8DA2 /* LoadingViewController.swift in Sources */,
				283DD66623C8E2E5005A8DA2 /* NumericView.swift in Sources */,
				283DD66223C8E2E5005A8DA2 /* PhotoView.swift in Sources */,
				283DD66923C8E2E5005A8DA2 /* DateView.swift in Sources */,
				283DD65823C8E2E5005A8DA2 /* AlertType.swift in Sources */,
				283DD65323C8E2E5005A8DA2 /* AppConstants.swift in Sources */,
				283DD63F23C8E2E5005A8DA2 /* UINavigationController+Extensions.swift in Sources */,
				283DD65223C8E2E5005A8DA2 /* Utils.swift in Sources */,
				283DD66C23C8E2E5005A8DA2 /* OpenEndedView.swift in Sources */,
				28C0161723CCD26300554575 /* TaskServiceProtocol.swift in Sources */,
				283DD66D23C8E2E5005A8DA2 /* TimeView.swift in Sources */,
			);
			runOnlyForDeploymentPostprocessing = 0;
		};
/* End PBXSourcesBuildPhase section */

/* Begin XCBuildConfiguration section */
		283D464E238B176700F41F06 /* Debug */ = {
			isa = XCBuildConfiguration;
			baseConfigurationReference = 11D80D57C5D0952E2077D529 /* Pods-LiveShopperExample.debug.xcconfig */;
			buildSettings = {
				ASSETCATALOG_COMPILER_APPICON_NAME = AppIcon;
				CLANG_ENABLE_MODULES = YES;
				COPY_PHASE_STRIP = NO;
				FRAMEWORK_SEARCH_PATHS = "$(inherited)";
				GCC_DYNAMIC_NO_PIC = NO;
				GCC_OPTIMIZATION_LEVEL = 0;
				INFOPLIST_FILE = "$(SRCROOT)/LiveShopperExample/Assets/Info.plist";
				LD_RUNPATH_SEARCH_PATHS = (
					"$(inherited)",
					"@executable_path/Frameworks",
				);
				MARKETING_VERSION = 0.0.1;
				PRODUCT_BUNDLE_IDENTIFIER = com.liveshopper.example;
				PRODUCT_NAME = LiveShopperExample;
				SWIFT_OPTIMIZATION_LEVEL = "-Onone";
				SWIFT_VERSION = 5.0;
			};
			name = Debug;
		};
		283D464F238B176700F41F06 /* Release */ = {
			isa = XCBuildConfiguration;
			baseConfigurationReference = 00E4FF8BB61B247EFCBA0935 /* Pods-LiveShopperExample.release.xcconfig */;
			buildSettings = {
				ASSETCATALOG_COMPILER_APPICON_NAME = AppIcon;
				CLANG_ENABLE_MODULES = YES;
				COPY_PHASE_STRIP = YES;
				DEBUG_INFORMATION_FORMAT = "dwarf-with-dsym";
				FRAMEWORK_SEARCH_PATHS = "$(inherited)";
				INFOPLIST_FILE = "$(SRCROOT)/LiveShopperExample/Assets/Info.plist";
				LD_RUNPATH_SEARCH_PATHS = (
					"$(inherited)",
					"@executable_path/Frameworks",
				);
				MARKETING_VERSION = 0.0.1;
				PRODUCT_BUNDLE_IDENTIFIER = com.liveshopper.example;
				PRODUCT_NAME = LiveShopperExample;
				SWIFT_VERSION = 5.0;
			};
			name = Release;
		};
		285959DB237E12E400B13853 /* Debug */ = {
			isa = XCBuildConfiguration;
			buildSettings = {
				ALWAYS_SEARCH_USER_PATHS = NO;
				CLANG_ANALYZER_NONNULL = YES;
				CLANG_ANALYZER_NUMBER_OBJECT_CONVERSION = YES_AGGRESSIVE;
				CLANG_CXX_LANGUAGE_STANDARD = "gnu++14";
				CLANG_CXX_LIBRARY = "libc++";
				CLANG_ENABLE_MODULES = YES;
				CLANG_ENABLE_OBJC_ARC = YES;
				CLANG_ENABLE_OBJC_WEAK = YES;
				CLANG_WARN_BLOCK_CAPTURE_AUTORELEASING = YES;
				CLANG_WARN_BOOL_CONVERSION = YES;
				CLANG_WARN_COMMA = YES;
				CLANG_WARN_CONSTANT_CONVERSION = YES;
				CLANG_WARN_DEPRECATED_OBJC_IMPLEMENTATIONS = YES;
				CLANG_WARN_DIRECT_OBJC_ISA_USAGE = YES_ERROR;
				CLANG_WARN_DOCUMENTATION_COMMENTS = YES;
				CLANG_WARN_EMPTY_BODY = YES;
				CLANG_WARN_ENUM_CONVERSION = YES;
				CLANG_WARN_INFINITE_RECURSION = YES;
				CLANG_WARN_INT_CONVERSION = YES;
				CLANG_WARN_NON_LITERAL_NULL_CONVERSION = YES;
				CLANG_WARN_OBJC_IMPLICIT_RETAIN_SELF = YES;
				CLANG_WARN_OBJC_LITERAL_CONVERSION = YES;
				CLANG_WARN_OBJC_ROOT_CLASS = YES_ERROR;
				CLANG_WARN_RANGE_LOOP_ANALYSIS = YES;
				CLANG_WARN_STRICT_PROTOTYPES = YES;
				CLANG_WARN_SUSPICIOUS_MOVE = YES;
				CLANG_WARN_UNGUARDED_AVAILABILITY = YES_AGGRESSIVE;
				CLANG_WARN_UNREACHABLE_CODE = YES;
				CLANG_WARN__DUPLICATE_METHOD_MATCH = YES;
				COPY_PHASE_STRIP = NO;
				DEBUG_INFORMATION_FORMAT = dwarf;
				ENABLE_STRICT_OBJC_MSGSEND = YES;
				ENABLE_TESTABILITY = YES;
				GCC_C_LANGUAGE_STANDARD = gnu11;
				GCC_DYNAMIC_NO_PIC = NO;
				GCC_NO_COMMON_BLOCKS = YES;
				GCC_OPTIMIZATION_LEVEL = 0;
				GCC_PREPROCESSOR_DEFINITIONS = (
					"DEBUG=1",
					"$(inherited)",
				);
				GCC_WARN_64_TO_32_BIT_CONVERSION = YES;
				GCC_WARN_ABOUT_RETURN_TYPE = YES_ERROR;
				GCC_WARN_UNDECLARED_SELECTOR = YES;
				GCC_WARN_UNINITIALIZED_AUTOS = YES_AGGRESSIVE;
				GCC_WARN_UNUSED_FUNCTION = YES;
				GCC_WARN_UNUSED_VARIABLE = YES;
				IPHONEOS_DEPLOYMENT_TARGET = 13.2;
				MTL_ENABLE_DEBUG_INFO = INCLUDE_SOURCE;
				MTL_FAST_MATH = YES;
				ONLY_ACTIVE_ARCH = YES;
				SDKROOT = iphoneos;
				SWIFT_ACTIVE_COMPILATION_CONDITIONS = DEBUG;
				SWIFT_OPTIMIZATION_LEVEL = "-Onone";
			};
			name = Debug;
		};
		285959DC237E12E400B13853 /* Release */ = {
			isa = XCBuildConfiguration;
			buildSettings = {
				ALWAYS_SEARCH_USER_PATHS = NO;
				CLANG_ANALYZER_NONNULL = YES;
				CLANG_ANALYZER_NUMBER_OBJECT_CONVERSION = YES_AGGRESSIVE;
				CLANG_CXX_LANGUAGE_STANDARD = "gnu++14";
				CLANG_CXX_LIBRARY = "libc++";
				CLANG_ENABLE_MODULES = YES;
				CLANG_ENABLE_OBJC_ARC = YES;
				CLANG_ENABLE_OBJC_WEAK = YES;
				CLANG_WARN_BLOCK_CAPTURE_AUTORELEASING = YES;
				CLANG_WARN_BOOL_CONVERSION = YES;
				CLANG_WARN_COMMA = YES;
				CLANG_WARN_CONSTANT_CONVERSION = YES;
				CLANG_WARN_DEPRECATED_OBJC_IMPLEMENTATIONS = YES;
				CLANG_WARN_DIRECT_OBJC_ISA_USAGE = YES_ERROR;
				CLANG_WARN_DOCUMENTATION_COMMENTS = YES;
				CLANG_WARN_EMPTY_BODY = YES;
				CLANG_WARN_ENUM_CONVERSION = YES;
				CLANG_WARN_INFINITE_RECURSION = YES;
				CLANG_WARN_INT_CONVERSION = YES;
				CLANG_WARN_NON_LITERAL_NULL_CONVERSION = YES;
				CLANG_WARN_OBJC_IMPLICIT_RETAIN_SELF = YES;
				CLANG_WARN_OBJC_LITERAL_CONVERSION = YES;
				CLANG_WARN_OBJC_ROOT_CLASS = YES_ERROR;
				CLANG_WARN_RANGE_LOOP_ANALYSIS = YES;
				CLANG_WARN_STRICT_PROTOTYPES = YES;
				CLANG_WARN_SUSPICIOUS_MOVE = YES;
				CLANG_WARN_UNGUARDED_AVAILABILITY = YES_AGGRESSIVE;
				CLANG_WARN_UNREACHABLE_CODE = YES;
				CLANG_WARN__DUPLICATE_METHOD_MATCH = YES;
				COPY_PHASE_STRIP = NO;
				DEBUG_INFORMATION_FORMAT = "dwarf-with-dsym";
				ENABLE_NS_ASSERTIONS = NO;
				ENABLE_STRICT_OBJC_MSGSEND = YES;
				GCC_C_LANGUAGE_STANDARD = gnu11;
				GCC_NO_COMMON_BLOCKS = YES;
				GCC_WARN_64_TO_32_BIT_CONVERSION = YES;
				GCC_WARN_ABOUT_RETURN_TYPE = YES_ERROR;
				GCC_WARN_UNDECLARED_SELECTOR = YES;
				GCC_WARN_UNINITIALIZED_AUTOS = YES_AGGRESSIVE;
				GCC_WARN_UNUSED_FUNCTION = YES;
				GCC_WARN_UNUSED_VARIABLE = YES;
				IPHONEOS_DEPLOYMENT_TARGET = 13.2;
				MTL_ENABLE_DEBUG_INFO = NO;
				MTL_FAST_MATH = YES;
				SDKROOT = iphoneos;
				SWIFT_COMPILATION_MODE = wholemodule;
				SWIFT_OPTIMIZATION_LEVEL = "-O";
				VALIDATE_PRODUCT = YES;
			};
			name = Release;
		};
		285F053423971AEB00A8A986 /* Local */ = {
			isa = XCBuildConfiguration;
			buildSettings = {
				ALWAYS_SEARCH_USER_PATHS = NO;
				CLANG_ANALYZER_NONNULL = YES;
				CLANG_ANALYZER_NUMBER_OBJECT_CONVERSION = YES_AGGRESSIVE;
				CLANG_CXX_LANGUAGE_STANDARD = "gnu++14";
				CLANG_CXX_LIBRARY = "libc++";
				CLANG_ENABLE_MODULES = YES;
				CLANG_ENABLE_OBJC_ARC = YES;
				CLANG_ENABLE_OBJC_WEAK = YES;
				CLANG_WARN_BLOCK_CAPTURE_AUTORELEASING = YES;
				CLANG_WARN_BOOL_CONVERSION = YES;
				CLANG_WARN_COMMA = YES;
				CLANG_WARN_CONSTANT_CONVERSION = YES;
				CLANG_WARN_DEPRECATED_OBJC_IMPLEMENTATIONS = YES;
				CLANG_WARN_DIRECT_OBJC_ISA_USAGE = YES_ERROR;
				CLANG_WARN_DOCUMENTATION_COMMENTS = YES;
				CLANG_WARN_EMPTY_BODY = YES;
				CLANG_WARN_ENUM_CONVERSION = YES;
				CLANG_WARN_INFINITE_RECURSION = YES;
				CLANG_WARN_INT_CONVERSION = YES;
				CLANG_WARN_NON_LITERAL_NULL_CONVERSION = YES;
				CLANG_WARN_OBJC_IMPLICIT_RETAIN_SELF = YES;
				CLANG_WARN_OBJC_LITERAL_CONVERSION = YES;
				CLANG_WARN_OBJC_ROOT_CLASS = YES_ERROR;
				CLANG_WARN_RANGE_LOOP_ANALYSIS = YES;
				CLANG_WARN_STRICT_PROTOTYPES = YES;
				CLANG_WARN_SUSPICIOUS_MOVE = YES;
				CLANG_WARN_UNGUARDED_AVAILABILITY = YES_AGGRESSIVE;
				CLANG_WARN_UNREACHABLE_CODE = YES;
				CLANG_WARN__DUPLICATE_METHOD_MATCH = YES;
				COPY_PHASE_STRIP = NO;
				DEBUG_INFORMATION_FORMAT = dwarf;
				ENABLE_STRICT_OBJC_MSGSEND = YES;
				ENABLE_TESTABILITY = YES;
				GCC_C_LANGUAGE_STANDARD = gnu11;
				GCC_DYNAMIC_NO_PIC = NO;
				GCC_NO_COMMON_BLOCKS = YES;
				GCC_OPTIMIZATION_LEVEL = 0;
				GCC_PREPROCESSOR_DEFINITIONS = (
					"DEBUG=1",
					"$(inherited)",
				);
				GCC_WARN_64_TO_32_BIT_CONVERSION = YES;
				GCC_WARN_ABOUT_RETURN_TYPE = YES_ERROR;
				GCC_WARN_UNDECLARED_SELECTOR = YES;
				GCC_WARN_UNINITIALIZED_AUTOS = YES_AGGRESSIVE;
				GCC_WARN_UNUSED_FUNCTION = YES;
				GCC_WARN_UNUSED_VARIABLE = YES;
				IPHONEOS_DEPLOYMENT_TARGET = 13.2;
				MTL_ENABLE_DEBUG_INFO = INCLUDE_SOURCE;
				MTL_FAST_MATH = YES;
				ONLY_ACTIVE_ARCH = YES;
				SDKROOT = iphoneos;
				SWIFT_ACTIVE_COMPILATION_CONDITIONS = DEBUG;
				SWIFT_OPTIMIZATION_LEVEL = "-Onone";
			};
			name = Local;
		};
		285F053523971AEB00A8A986 /* Local */ = {
			isa = XCBuildConfiguration;
			baseConfigurationReference = 7D7E77A172F7E65051CCE859 /* Pods-LiveShopperExample.local.xcconfig */;
			buildSettings = {
				ASSETCATALOG_COMPILER_APPICON_NAME = AppIcon;
				CLANG_ENABLE_MODULES = YES;
				COPY_PHASE_STRIP = NO;
				FRAMEWORK_SEARCH_PATHS = "$(inherited)";
				GCC_DYNAMIC_NO_PIC = NO;
				GCC_OPTIMIZATION_LEVEL = 0;
				INFOPLIST_FILE = "$(SRCROOT)/LiveShopperExample/Assets/Info.plist";
				LD_RUNPATH_SEARCH_PATHS = (
					"$(inherited)",
					"@executable_path/Frameworks",
				);
				MARKETING_VERSION = 0.0.1;
				PRODUCT_BUNDLE_IDENTIFIER = com.liveshopper.example;
				PRODUCT_NAME = LiveShopperExample;
				SWIFT_OPTIMIZATION_LEVEL = "-Onone";
				SWIFT_VERSION = 5.0;
			};
			name = Local;
		};
/* End XCBuildConfiguration section */

/* Begin XCConfigurationList section */
		285959C4237E12E300B13853 /* Build configuration list for PBXProject "LiveShopperExample" */ = {
			isa = XCConfigurationList;
			buildConfigurations = (
				285959DB237E12E400B13853 /* Debug */,
				285F053423971AEB00A8A986 /* Local */,
				285959DC237E12E400B13853 /* Release */,
			);
			defaultConfigurationIsVisible = 0;
			defaultConfigurationName = Release;
		};
		285959DD237E12E400B13853 /* Build configuration list for PBXNativeTarget "LiveShopperExample" */ = {
			isa = XCConfigurationList;
			buildConfigurations = (
				283D464E238B176700F41F06 /* Debug */,
				285F053523971AEB00A8A986 /* Local */,
				283D464F238B176700F41F06 /* Release */,
			);
			defaultConfigurationIsVisible = 0;
			defaultConfigurationName = Release;
		};
/* End XCConfigurationList section */
	};
	rootObject = 285959C1237E12E300B13853 /* Project object */;
}
